
Microsoft Visual Studio Solution File, Format Version 12.00
# Visual Studio Version 17
VisualStudioVersion = 17.8.34330.188
MinimumVisualStudioVersion = 10.0.40219.1
Project("{FAE04EC0-301F-11D3-BF4B-00C04F79EFBC}") = "NotificationApp", "NotificationApp\NotificationApp.csproj", "{6E6C40EA-2F14-4A2E-AC8C-CCB94B27F8B1}"
EndProject
Global
	GlobalSection(SolutionConfigurationPlatforms) = preSolution
		Debug|Any CPU = Debug|Any CPU
		Release|Any CPU = Release|Any CPU
	EndGlobalSection
	GlobalSection(ProjectConfigurationPlatforms) = postSolution
		{6E6C40EA-2F14-4A2E-AC8C-CCB94B27F8B1}.Debug|Any CPU.ActiveCfg = Debug|Any CPU
		{6E6C40EA-2F14-4A2E-AC8C-CCB94B27F8B1}.Debug|Any CPU.Build.0 = Debug|Any CPU
		{6E6C40EA-2F14-4A2E-AC8C-CCB94B27F8B1}.Release|Any CPU.ActiveCfg = Release|Any CPU
		{6E6C40EA-2F14-4A2E-AC8C-CCB94B27F8B1}.Release|Any CPU.Build.0 = Release|Any CPU
	EndGlobalSection
	GlobalSection(SolutionProperties) = preSolution
		HideSolutionNode = FALSE
	EndGlobalSection
	GlobalSection(ExtensibilityGlobals) = postSolution
		SolutionGuid = {09D4A57C-8EEC-4F5C-89F1-4BB29FD566E2}
	EndGlobalSection
EndGlobal
